// !$*UTF8*$!
{
	archiveVersion = 1;
	classes = {
	};
	objectVersion = 46;
	objects = {

/* Begin PBXBuildFile section */
		11E69A111B41F85F00E59190 /* DetailViewController.swift in Sources */ = {isa = PBXBuildFile; fileRef = 11E69A101B41F85F00E59190 /* DetailViewController.swift */; };
		11EB45541B41C6F200F2FC50 /* AppDelegate.swift in Sources */ = {isa = PBXBuildFile; fileRef = 11EB45531B41C6F200F2FC50 /* AppDelegate.swift */; };
		11EB45571B41C6F200F2FC50 /* SlackTeamExplorer.xcdatamodeld in Sources */ = {isa = PBXBuildFile; fileRef = 11EB45551B41C6F200F2FC50 /* SlackTeamExplorer.xcdatamodeld */; };
		11EB45591B41C6F200F2FC50 /* ViewController.swift in Sources */ = {isa = PBXBuildFile; fileRef = 11EB45581B41C6F200F2FC50 /* ViewController.swift */; };
		11EB455C1B41C6F200F2FC50 /* Main.storyboard in Resources */ = {isa = PBXBuildFile; fileRef = 11EB455A1B41C6F200F2FC50 /* Main.storyboard */; };
		11EB455E1B41C6F200F2FC50 /* Images.xcassets in Resources */ = {isa = PBXBuildFile; fileRef = 11EB455D1B41C6F200F2FC50 /* Images.xcassets */; };
		11EB45611B41C6F200F2FC50 /* LaunchScreen.xib in Resources */ = {isa = PBXBuildFile; fileRef = 11EB455F1B41C6F200F2FC50 /* LaunchScreen.xib */; };
		11EB457B1B41CB5900F2FC50 /* SlackAPI.swift in Sources */ = {isa = PBXBuildFile; fileRef = 11EB457A1B41CB5900F2FC50 /* SlackAPI.swift */; };
		11EB457E1B41CE2000F2FC50 /* Member.swift in Sources */ = {isa = PBXBuildFile; fileRef = 11EB457C1B41CE2000F2FC50 /* Member.swift */; };
		11EB457F1B41CE2000F2FC50 /* Profile.swift in Sources */ = {isa = PBXBuildFile; fileRef = 11EB457D1B41CE2000F2FC50 /* Profile.swift */; };
		11EB45831B41D68400F2FC50 /* Pods_SlackTeamExplorerTests.framework in Frameworks */ = {isa = PBXBuildFile; fileRef = 11EB45821B41D68400F2FC50 /* Pods_SlackTeamExplorerTests.framework */; };
		11EB45861B41E20800F2FC50 /* MembersViewModel.swift in Sources */ = {isa = PBXBuildFile; fileRef = 11EB45851B41E20800F2FC50 /* MembersViewModel.swift */; };
		11EB45891B41E90C00F2FC50 /* MemberCell.swift in Sources */ = {isa = PBXBuildFile; fileRef = 11EB45881B41E90C00F2FC50 /* MemberCell.swift */; };
		11EB458C1B41EB1D00F2FC50 /* UIColors_Slack.swift in Sources */ = {isa = PBXBuildFile; fileRef = 11EB458B1B41EB1D00F2FC50 /* UIColors_Slack.swift */; };
		98A456653B733FC0BE060343 /* Pods.framework in Frameworks */ = {isa = PBXBuildFile; fileRef = 61A84A37A85139EC9110D3B8 /* Pods.framework */; settings = {ATTRIBUTES = (Weak, ); }; };
/* End PBXBuildFile section */

/* Begin PBXContainerItemProxy section */
		11EB45671B41C6F200F2FC50 /* PBXContainerItemProxy */ = {
			isa = PBXContainerItemProxy;
			containerPortal = 11EB45461B41C6F200F2FC50 /* Project object */;
			proxyType = 1;
			remoteGlobalIDString = 11EB454D1B41C6F200F2FC50;
			remoteInfo = SlackTeamExplorer;
		};
/* End PBXContainerItemProxy section */

/* Begin PBXFileReference section */
		11E69A101B41F85F00E59190 /* DetailViewController.swift */ = {isa = PBXFileReference; fileEncoding = 4; lastKnownFileType = sourcecode.swift; path = DetailViewController.swift; sourceTree = "<group>"; };
		11EB454E1B41C6F200F2FC50 /* SlackTeamExplorer.app */ = {isa = PBXFileReference; explicitFileType = wrapper.application; includeInIndex = 0; path = SlackTeamExplorer.app; sourceTree = BUILT_PRODUCTS_DIR; };
		11EB45521B41C6F200F2FC50 /* Info.plist */ = {isa = PBXFileReference; lastKnownFileType = text.plist.xml; path = Info.plist; sourceTree = "<group>"; };
		11EB45531B41C6F200F2FC50 /* AppDelegate.swift */ = {isa = PBXFileReference; lastKnownFileType = sourcecode.swift; path = AppDelegate.swift; sourceTree = "<group>"; };
		11EB45561B41C6F200F2FC50 /* SlackTeamExplorer.xcdatamodel */ = {isa = PBXFileReference; lastKnownFileType = wrapper.xcdatamodel; path = SlackTeamExplorer.xcdatamodel; sourceTree = "<group>"; };
		11EB45581B41C6F200F2FC50 /* ViewController.swift */ = {isa = PBXFileReference; lastKnownFileType = sourcecode.swift; path = ViewController.swift; sourceTree = "<group>"; };
		11EB455B1B41C6F200F2FC50 /* Base */ = {isa = PBXFileReference; lastKnownFileType = file.storyboard; name = Base; path = Base.lproj/Main.storyboard; sourceTree = "<group>"; };
		11EB455D1B41C6F200F2FC50 /* Images.xcassets */ = {isa = PBXFileReference; lastKnownFileType = folder.assetcatalog; path = Images.xcassets; sourceTree = "<group>"; };
		11EB45601B41C6F200F2FC50 /* Base */ = {isa = PBXFileReference; lastKnownFileType = file.xib; name = Base; path = Base.lproj/LaunchScreen.xib; sourceTree = "<group>"; };
		11EB45661B41C6F200F2FC50 /* SlackTeamExplorerTests.xctest */ = {isa = PBXFileReference; explicitFileType = wrapper.cfbundle; includeInIndex = 0; path = SlackTeamExplorerTests.xctest; sourceTree = BUILT_PRODUCTS_DIR; };
		11EB456B1B41C6F200F2FC50 /* Info.plist */ = {isa = PBXFileReference; lastKnownFileType = text.plist.xml; path = Info.plist; sourceTree = "<group>"; };
		11EB457A1B41CB5900F2FC50 /* SlackAPI.swift */ = {isa = PBXFileReference; fileEncoding = 4; lastKnownFileType = sourcecode.swift; path = SlackAPI.swift; sourceTree = "<group>"; };
		11EB457C1B41CE2000F2FC50 /* Member.swift */ = {isa = PBXFileReference; fileEncoding = 4; lastKnownFileType = sourcecode.swift; path = Member.swift; sourceTree = "<group>"; };
		11EB457D1B41CE2000F2FC50 /* Profile.swift */ = {isa = PBXFileReference; fileEncoding = 4; lastKnownFileType = sourcecode.swift; path = Profile.swift; sourceTree = "<group>"; };
		11EB45801B41D5CB00F2FC50 /* Pods.framework */ = {isa = PBXFileReference; lastKnownFileType = wrapper.framework; name = Pods.framework; path = "Pods/../build/Debug-iphoneos/Pods.framework"; sourceTree = "<group>"; };
		11EB45821B41D68400F2FC50 /* Pods_SlackTeamExplorerTests.framework */ = {isa = PBXFileReference; lastKnownFileType = wrapper.framework; name = Pods_SlackTeamExplorerTests.framework; path = "Pods/../build/Debug-iphoneos/Pods_SlackTeamExplorerTests.framework"; sourceTree = "<group>"; };
		11EB45851B41E20800F2FC50 /* MembersViewModel.swift */ = {isa = PBXFileReference; fileEncoding = 4; lastKnownFileType = sourcecode.swift; path = MembersViewModel.swift; sourceTree = "<group>"; };
		11EB45881B41E90C00F2FC50 /* MemberCell.swift */ = {isa = PBXFileReference; fileEncoding = 4; lastKnownFileType = sourcecode.swift; path = MemberCell.swift; sourceTree = "<group>"; };
		11EB458B1B41EB1D00F2FC50 /* UIColors_Slack.swift */ = {isa = PBXFileReference; fileEncoding = 4; lastKnownFileType = sourcecode.swift; path = UIColors_Slack.swift; sourceTree = "<group>"; };
		187E178BC270166C65E1094E /* Pods.release.xcconfig */ = {isa = PBXFileReference; includeInIndex = 1; lastKnownFileType = text.xcconfig; name = Pods.release.xcconfig; path = "Pods/Target Support Files/Pods/Pods.release.xcconfig"; sourceTree = "<group>"; };
		2D4AE883299C3961E83EDA07 /* Pods.debug.xcconfig */ = {isa = PBXFileReference; includeInIndex = 1; lastKnownFileType = text.xcconfig; name = Pods.debug.xcconfig; path = "Pods/Target Support Files/Pods/Pods.debug.xcconfig"; sourceTree = "<group>"; };
		5A7907819529A52B6BDCBA9A /* Pods_SlackTeamExplorerTests.framework */ = {isa = PBXFileReference; explicitFileType = wrapper.framework; includeInIndex = 0; path = Pods_SlackTeamExplorerTests.framework; sourceTree = BUILT_PRODUCTS_DIR; };
		5D91DEEBE05D6C9D24926508 /* Pods-SlackTeamExplorerTests.release.xcconfig */ = {isa = PBXFileReference; includeInIndex = 1; lastKnownFileType = text.xcconfig; name = "Pods-SlackTeamExplorerTests.release.xcconfig"; path = "Pods/Target Support Files/Pods-SlackTeamExplorerTests/Pods-SlackTeamExplorerTests.release.xcconfig"; sourceTree = "<group>"; };
		61A84A37A85139EC9110D3B8 /* Pods.framework */ = {isa = PBXFileReference; explicitFileType = wrapper.framework; includeInIndex = 0; path = Pods.framework; sourceTree = BUILT_PRODUCTS_DIR; };
		F3835CF0839A2C464E11CBE1 /* Pods-SlackTeamExplorerTests.debug.xcconfig */ = {isa = PBXFileReference; includeInIndex = 1; lastKnownFileType = text.xcconfig; name = "Pods-SlackTeamExplorerTests.debug.xcconfig"; path = "Pods/Target Support Files/Pods-SlackTeamExplorerTests/Pods-SlackTeamExplorerTests.debug.xcconfig"; sourceTree = "<group>"; };
/* End PBXFileReference section */

/* Begin PBXFrameworksBuildPhase section */
		11EB454B1B41C6F200F2FC50 /* Frameworks */ = {
			isa = PBXFrameworksBuildPhase;
			buildActionMask = 2147483647;
			files = (
				98A456653B733FC0BE060343 /* Pods.framework in Frameworks */,
			);
			runOnlyForDeploymentPostprocessing = 0;
		};
		11EB45631B41C6F200F2FC50 /* Frameworks */ = {
			isa = PBXFrameworksBuildPhase;
			buildActionMask = 2147483647;
			files = (
				11EB45831B41D68400F2FC50 /* Pods_SlackTeamExplorerTests.framework in Frameworks */,
			);
			runOnlyForDeploymentPostprocessing = 0;
		};
/* End PBXFrameworksBuildPhase section */

/* Begin PBXGroup section */
		11EB45451B41C6F200F2FC50 = {
			isa = PBXGroup;
			children = (
				11EB45501B41C6F200F2FC50 /* SlackTeamExplorer */,
				11EB45691B41C6F200F2FC50 /* SlackTeamExplorerTests */,
				11EB454F1B41C6F200F2FC50 /* Products */,
				D5927A860461B257F8333B56 /* Frameworks */,
				DD853BD49105C4D4F0FEA3B4 /* Pods */,
			);
			sourceTree = "<group>";
		};
		11EB454F1B41C6F200F2FC50 /* Products */ = {
			isa = PBXGroup;
			children = (
				11EB454E1B41C6F200F2FC50 /* SlackTeamExplorer.app */,
				11EB45661B41C6F200F2FC50 /* SlackTeamExplorerTests.xctest */,
			);
			name = Products;
			sourceTree = "<group>";
		};
		11EB45501B41C6F200F2FC50 /* SlackTeamExplorer */ = {
			isa = PBXGroup;
			children = (
				11EB45531B41C6F200F2FC50 /* AppDelegate.swift */,
				11EB45551B41C6F200F2FC50 /* SlackTeamExplorer.xcdatamodeld */,
				11EB455D1B41C6F200F2FC50 /* Images.xcassets */,
				11EB458A1B41EB0500F2FC50 /* Extensions */,
				11EB45781B41CB2400F2FC50 /* Models */,
				11EB45791B41CB2400F2FC50 /* Network */,
				11EB45511B41C6F200F2FC50 /* Supporting Files */,
				11EB45761B41C6FC00F2FC50 /* UI */,
				11EB45771B41C70900F2FC50 /* ViewControllers */,
				11EB45841B41E1F600F2FC50 /* ViewModels */,
				11EB45871B41E8FA00F2FC50 /* Views */,
			);
			path = SlackTeamExplorer;
			sourceTree = "<group>";
		};
		11EB45511B41C6F200F2FC50 /* Supporting Files */ = {
			isa = PBXGroup;
			children = (
				11EB45521B41C6F200F2FC50 /* Info.plist */,
			);
			path = "Supporting Files";
			sourceTree = "<group>";
		};
		11EB45691B41C6F200F2FC50 /* SlackTeamExplorerTests */ = {
			isa = PBXGroup;
			children = (
				11EB456A1B41C6F200F2FC50 /* Supporting Files */,
			);
			path = SlackTeamExplorerTests;
			sourceTree = "<group>";
		};
		11EB456A1B41C6F200F2FC50 /* Supporting Files */ = {
			isa = PBXGroup;
			children = (
				11EB456B1B41C6F200F2FC50 /* Info.plist */,
			);
			path = "Supporting Files";
			sourceTree = "<group>";
		};
		11EB45761B41C6FC00F2FC50 /* UI */ = {
			isa = PBXGroup;
			children = (
				11EB455A1B41C6F200F2FC50 /* Main.storyboard */,
				11EB455F1B41C6F200F2FC50 /* LaunchScreen.xib */,
			);
			path = UI;
			sourceTree = "<group>";
		};
		11EB45771B41C70900F2FC50 /* ViewControllers */ = {
			isa = PBXGroup;
			children = (
				11EB45581B41C6F200F2FC50 /* ViewController.swift */,
				11E69A101B41F85F00E59190 /* DetailViewController.swift */,
			);
			path = ViewControllers;
			sourceTree = "<group>";
		};
		11EB45781B41CB2400F2FC50 /* Models */ = {
			isa = PBXGroup;
			children = (
				11EB457C1B41CE2000F2FC50 /* Member.swift */,
				11EB457D1B41CE2000F2FC50 /* Profile.swift */,
			);
			path = Models;
			sourceTree = "<group>";
		};
		11EB45791B41CB2400F2FC50 /* Network */ = {
			isa = PBXGroup;
			children = (
				11EB457A1B41CB5900F2FC50 /* SlackAPI.swift */,
			);
			path = Network;
			sourceTree = "<group>";
		};
		11EB45841B41E1F600F2FC50 /* ViewModels */ = {
			isa = PBXGroup;
			children = (
				11EB45851B41E20800F2FC50 /* MembersViewModel.swift */,
			);
			path = ViewModels;
			sourceTree = "<group>";
		};
		11EB45871B41E8FA00F2FC50 /* Views */ = {
			isa = PBXGroup;
			children = (
				11EB45881B41E90C00F2FC50 /* MemberCell.swift */,
			);
			path = Views;
			sourceTree = "<group>";
		};
		11EB458A1B41EB0500F2FC50 /* Extensions */ = {
			isa = PBXGroup;
			children = (
				11EB458B1B41EB1D00F2FC50 /* UIColors_Slack.swift */,
			);
			path = Extensions;
			sourceTree = "<group>";
		};
		D5927A860461B257F8333B56 /* Frameworks */ = {
			isa = PBXGroup;
			children = (
				11EB45821B41D68400F2FC50 /* Pods_SlackTeamExplorerTests.framework */,
				11EB45801B41D5CB00F2FC50 /* Pods.framework */,
				61A84A37A85139EC9110D3B8 /* Pods.framework */,
				5A7907819529A52B6BDCBA9A /* Pods_SlackTeamExplorerTests.framework */,
			);
			name = Frameworks;
			sourceTree = "<group>";
		};
		DD853BD49105C4D4F0FEA3B4 /* Pods */ = {
			isa = PBXGroup;
			children = (
				2D4AE883299C3961E83EDA07 /* Pods.debug.xcconfig */,
				187E178BC270166C65E1094E /* Pods.release.xcconfig */,
				F3835CF0839A2C464E11CBE1 /* Pods-SlackTeamExplorerTests.debug.xcconfig */,
				5D91DEEBE05D6C9D24926508 /* Pods-SlackTeamExplorerTests.release.xcconfig */,
			);
			name = Pods;
			sourceTree = "<group>";
		};
/* End PBXGroup section */

/* Begin PBXNativeTarget section */
		11EB454D1B41C6F200F2FC50 /* SlackTeamExplorer */ = {
			isa = PBXNativeTarget;
			buildConfigurationList = 11EB45701B41C6F200F2FC50 /* Build configuration list for PBXNativeTarget "SlackTeamExplorer" */;
			buildPhases = (
				11EB458D1B41EBE300F2FC50 /* Check Pods Manifest.lock */,
				11EB454A1B41C6F200F2FC50 /* Sources */,
				11EB454B1B41C6F200F2FC50 /* Frameworks */,
				11EB454C1B41C6F200F2FC50 /* Resources */,
				11EB458E1B41EC0700F2FC50 /* Embed Pods Frameworks */,
				11EB458F1B41EC1900F2FC50 /* Copy Pods Resources */,
			);
			buildRules = (
			);
			dependencies = (
			);
			name = SlackTeamExplorer;
			productName = SlackTeamExplorer;
			productReference = 11EB454E1B41C6F200F2FC50 /* SlackTeamExplorer.app */;
			productType = "com.apple.product-type.application";
		};
		11EB45651B41C6F200F2FC50 /* SlackTeamExplorerTests */ = {
			isa = PBXNativeTarget;
			buildConfigurationList = 11EB45731B41C6F200F2FC50 /* Build configuration list for PBXNativeTarget "SlackTeamExplorerTests" */;
			buildPhases = (
				F70A5790F9F462E1EDA29190 /* Check Pods Manifest.lock */,
				11EB45621B41C6F200F2FC50 /* Sources */,
				11EB45631B41C6F200F2FC50 /* Frameworks */,
				11EB45641B41C6F200F2FC50 /* Resources */,
				2747EC857EA2B60362CA1262 /* Embed Pods Frameworks */,
				022A888F3ADBAC70C2E58986 /* Copy Pods Resources */,
			);
			buildRules = (
			);
			dependencies = (
				11EB45681B41C6F200F2FC50 /* PBXTargetDependency */,
			);
			name = SlackTeamExplorerTests;
			productName = SlackTeamExplorerTests;
			productReference = 11EB45661B41C6F200F2FC50 /* SlackTeamExplorerTests.xctest */;
			productType = "com.apple.product-type.bundle.unit-test";
		};
/* End PBXNativeTarget section */

/* Begin PBXProject section */
		11EB45461B41C6F200F2FC50 /* Project object */ = {
			isa = PBXProject;
			attributes = {
				LastUpgradeCheck = 0640;
				ORGANIZATIONNAME = "Esteban Torres";
				TargetAttributes = {
					11EB454D1B41C6F200F2FC50 = {
						CreatedOnToolsVersion = 6.4;
					};
					11EB45651B41C6F200F2FC50 = {
						CreatedOnToolsVersion = 6.4;
						TestTargetID = 11EB454D1B41C6F200F2FC50;
					};
				};
			};
			buildConfigurationList = 11EB45491B41C6F200F2FC50 /* Build configuration list for PBXProject "SlackTeamExplorer" */;
			compatibilityVersion = "Xcode 3.2";
			developmentRegion = English;
			hasScannedForEncodings = 0;
			knownRegions = (
				en,
				Base,
			);
			mainGroup = 11EB45451B41C6F200F2FC50;
			productRefGroup = 11EB454F1B41C6F200F2FC50 /* Products */;
			projectDirPath = "";
			projectRoot = "";
			targets = (
				11EB454D1B41C6F200F2FC50 /* SlackTeamExplorer */,
				11EB45651B41C6F200F2FC50 /* SlackTeamExplorerTests */,
			);
		};
/* End PBXProject section */

/* Begin PBXResourcesBuildPhase section */
		11EB454C1B41C6F200F2FC50 /* Resources */ = {
			isa = PBXResourcesBuildPhase;
			buildActionMask = 2147483647;
			files = (
				11EB455C1B41C6F200F2FC50 /* Main.storyboard in Resources */,
				11EB45611B41C6F200F2FC50 /* LaunchScreen.xib in Resources */,
				11EB455E1B41C6F200F2FC50 /* Images.xcassets in Resources */,
			);
			runOnlyForDeploymentPostprocessing = 0;
		};
		11EB45641B41C6F200F2FC50 /* Resources */ = {
			isa = PBXResourcesBuildPhase;
			buildActionMask = 2147483647;
			files = (
			);
			runOnlyForDeploymentPostprocessing = 0;
		};
/* End PBXResourcesBuildPhase section */

/* Begin PBXShellScriptBuildPhase section */
		022A888F3ADBAC70C2E58986 /* Copy Pods Resources */ = {
			isa = PBXShellScriptBuildPhase;
			buildActionMask = 2147483647;
			files = (
			);
			inputPaths = (
			);
			name = "Copy Pods Resources";
			outputPaths = (
			);
			runOnlyForDeploymentPostprocessing = 0;
			shellPath = /bin/sh;
			shellScript = "\"${SRCROOT}/Pods/Target Support Files/Pods-SlackTeamExplorerTests/Pods-SlackTeamExplorerTests-resources.sh\"\n";
			showEnvVarsInLog = 0;
		};
		11EB458D1B41EBE300F2FC50 /* Check Pods Manifest.lock */ = {
			isa = PBXShellScriptBuildPhase;
			buildActionMask = 2147483647;
			files = (
			);
			inputPaths = (
			);
			name = "Check Pods Manifest.lock";
			outputPaths = (
			);
			runOnlyForDeploymentPostprocessing = 0;
			shellPath = /bin/sh;
			shellScript = "diff \"${PODS_ROOT}/../Podfile.lock\" \"${PODS_ROOT}/Manifest.lock\" > /dev/null\nif [[ $? != 0 ]] ; then\ncat << EOM\nerror: The sandbox is not in sync with the Podfile.lock. Run 'pod install' or update your CocoaPods installation.\nEOM\nexit 1\nfi\n";
			showEnvVarsInLog = 0;
		};
		11EB458E1B41EC0700F2FC50 /* Embed Pods Frameworks */ = {
			isa = PBXShellScriptBuildPhase;
			buildActionMask = 2147483647;
			files = (
			);
			inputPaths = (
			);
			name = "Embed Pods Frameworks";
			outputPaths = (
			);
			runOnlyForDeploymentPostprocessing = 0;
			shellPath = /bin/sh;
			shellScript = "\"${SRCROOT}/Pods/Target Support Files/Pods/Pods-frameworks.sh\"\n";
			showEnvVarsInLog = 0;
		};
		11EB458F1B41EC1900F2FC50 /* Copy Pods Resources */ = {
			isa = PBXShellScriptBuildPhase;
			buildActionMask = 2147483647;
			files = (
			);
			inputPaths = (
			);
			name = "Copy Pods Resources";
			outputPaths = (
			);
			runOnlyForDeploymentPostprocessing = 0;
			shellPath = /bin/sh;
			shellScript = "\"${SRCROOT}/Pods/Target Support Files/Pods/Pods-resources.sh\"\n";
			showEnvVarsInLog = 0;
		};
		2747EC857EA2B60362CA1262 /* Embed Pods Frameworks */ = {
			isa = PBXShellScriptBuildPhase;
			buildActionMask = 2147483647;
			files = (
			);
			inputPaths = (
			);
			name = "Embed Pods Frameworks";
			outputPaths = (
			);
			runOnlyForDeploymentPostprocessing = 0;
			shellPath = /bin/sh;
			shellScript = "\"${SRCROOT}/Pods/Target Support Files/Pods-SlackTeamExplorerTests/Pods-SlackTeamExplorerTests-frameworks.sh\"\n";
			showEnvVarsInLog = 0;
		};
		F70A5790F9F462E1EDA29190 /* Check Pods Manifest.lock */ = {
			isa = PBXShellScriptBuildPhase;
			buildActionMask = 2147483647;
			files = (
			);
			inputPaths = (
			);
			name = "Check Pods Manifest.lock";
			outputPaths = (
			);
			runOnlyForDeploymentPostprocessing = 0;
			shellPath = /bin/sh;
			shellScript = "diff \"${PODS_ROOT}/../Podfile.lock\" \"${PODS_ROOT}/Manifest.lock\" > /dev/null\nif [[ $? != 0 ]] ; then\n    cat << EOM\nerror: The sandbox is not in sync with the Podfile.lock. Run 'pod install' or update your CocoaPods installation.\nEOM\n    exit 1\nfi\n";
			showEnvVarsInLog = 0;
		};
/* End PBXShellScriptBuildPhase section */

/* Begin PBXSourcesBuildPhase section */
		11EB454A1B41C6F200F2FC50 /* Sources */ = {
			isa = PBXSourcesBuildPhase;
			buildActionMask = 2147483647;
			files = (
				11EB45591B41C6F200F2FC50 /* ViewController.swift in Sources */,
				11EB457F1B41CE2000F2FC50 /* Profile.swift in Sources */,
				11EB457B1B41CB5900F2FC50 /* SlackAPI.swift in Sources */,
				11EB45891B41E90C00F2FC50 /* MemberCell.swift in Sources */,
				11EB45571B41C6F200F2FC50 /* SlackTeamExplorer.xcdatamodeld in Sources */,
				11EB45861B41E20800F2FC50 /* MembersViewModel.swift in Sources */,
				11EB45541B41C6F200F2FC50 /* AppDelegate.swift in Sources */,
				11E69A111B41F85F00E59190 /* DetailViewController.swift in Sources */,
				11EB458C1B41EB1D00F2FC50 /* UIColors_Slack.swift in Sources */,
				11EB457E1B41CE2000F2FC50 /* Member.swift in Sources */,
			);
			runOnlyForDeploymentPostprocessing = 0;
		};
		11EB45621B41C6F200F2FC50 /* Sources */ = {
			isa = PBXSourcesBuildPhase;
			buildActionMask = 2147483647;
			files = (
			);
			runOnlyForDeploymentPostprocessing = 0;
		};
/* End PBXSourcesBuildPhase section */

/* Begin PBXTargetDependency section */
		11EB45681B41C6F200F2FC50 /* PBXTargetDependency */ = {
			isa = PBXTargetDependency;
			target = 11EB454D1B41C6F200F2FC50 /* SlackTeamExplorer */;
			targetProxy = 11EB45671B41C6F200F2FC50 /* PBXContainerItemProxy */;
		};
/* End PBXTargetDependency section */

/* Begin PBXVariantGroup section */
		11EB455A1B41C6F200F2FC50 /* Main.storyboard */ = {
			isa = PBXVariantGroup;
			children = (
				11EB455B1B41C6F200F2FC50 /* Base */,
			);
			name = Main.storyboard;
			path = .;
			sourceTree = "<group>";
		};
		11EB455F1B41C6F200F2FC50 /* LaunchScreen.xib */ = {
			isa = PBXVariantGroup;
			children = (
				11EB45601B41C6F200F2FC50 /* Base */,
			);
			name = LaunchScreen.xib;
			path = .;
			sourceTree = "<group>";
		};
/* End PBXVariantGroup section */

/* Begin XCBuildConfiguration section */
		11EB456E1B41C6F200F2FC50 /* Debug */ = {
			isa = XCBuildConfiguration;
			buildSettings = {
				ALWAYS_SEARCH_USER_PATHS = NO;
				CLANG_CXX_LANGUAGE_STANDARD = "gnu++0x";
				CLANG_CXX_LIBRARY = "libc++";
				CLANG_ENABLE_MODULES = YES;
				CLANG_ENABLE_OBJC_ARC = YES;
				CLANG_WARN_BOOL_CONVERSION = YES;
				CLANG_WARN_CONSTANT_CONVERSION = YES;
				CLANG_WARN_DIRECT_OBJC_ISA_USAGE = YES_ERROR;
				CLANG_WARN_EMPTY_BODY = YES;
				CLANG_WARN_ENUM_CONVERSION = YES;
				CLANG_WARN_INT_CONVERSION = YES;
				CLANG_WARN_OBJC_ROOT_CLASS = YES_ERROR;
				CLANG_WARN_UNREACHABLE_CODE = YES;
				CLANG_WARN__DUPLICATE_METHOD_MATCH = YES;
				"CODE_SIGN_IDENTITY[sdk=iphoneos*]" = "iPhone Developer";
				COPY_PHASE_STRIP = NO;
				DEBUG_INFORMATION_FORMAT = "dwarf-with-dsym";
				ENABLE_STRICT_OBJC_MSGSEND = YES;
				GCC_C_LANGUAGE_STANDARD = gnu99;
				GCC_DYNAMIC_NO_PIC = NO;
				GCC_NO_COMMON_BLOCKS = YES;
				GCC_OPTIMIZATION_LEVEL = 0;
				GCC_PREPROCESSOR_DEFINITIONS = (
					"DEBUG=1",
					"$(inherited)",
				);
				GCC_SYMBOLS_PRIVATE_EXTERN = NO;
				GCC_WARN_64_TO_32_BIT_CONVERSION = YES;
				GCC_WARN_ABOUT_RETURN_TYPE = YES_ERROR;
				GCC_WARN_UNDECLARED_SELECTOR = YES;
				GCC_WARN_UNINITIALIZED_AUTOS = YES_AGGRESSIVE;
				GCC_WARN_UNUSED_FUNCTION = YES;
				GCC_WARN_UNUSED_VARIABLE = YES;
				IPHONEOS_DEPLOYMENT_TARGET = 8.4;
				MTL_ENABLE_DEBUG_INFO = YES;
				ONLY_ACTIVE_ARCH = YES;
				SDKROOT = iphoneos;
				SWIFT_OPTIMIZATION_LEVEL = "-Onone";
				TARGETED_DEVICE_FAMILY = "1,2";
			};
			name = Debug;
		};
		11EB456F1B41C6F200F2FC50 /* Release */ = {
			isa = XCBuildConfiguration;
			buildSettings = {
				ALWAYS_SEARCH_USER_PATHS = NO;
				CLANG_CXX_LANGUAGE_STANDARD = "gnu++0x";
				CLANG_CXX_LIBRARY = "libc++";
				CLANG_ENABLE_MODULES = YES;
				CLANG_ENABLE_OBJC_ARC = YES;
				CLANG_WARN_BOOL_CONVERSION = YES;
				CLANG_WARN_CONSTANT_CONVERSION = YES;
				CLANG_WARN_DIRECT_OBJC_ISA_USAGE = YES_ERROR;
				CLANG_WARN_EMPTY_BODY = YES;
				CLANG_WARN_ENUM_CONVERSION = YES;
				CLANG_WARN_INT_CONVERSION = YES;
				CLANG_WARN_OBJC_ROOT_CLASS = YES_ERROR;
				CLANG_WARN_UNREACHABLE_CODE = YES;
				CLANG_WARN__DUPLICATE_METHOD_MATCH = YES;
				"CODE_SIGN_IDENTITY[sdk=iphoneos*]" = "iPhone Developer";
				COPY_PHASE_STRIP = NO;
				DEBUG_INFORMATION_FORMAT = "dwarf-with-dsym";
				ENABLE_NS_ASSERTIONS = NO;
				ENABLE_STRICT_OBJC_MSGSEND = YES;
				GCC_C_LANGUAGE_STANDARD = gnu99;
				GCC_NO_COMMON_BLOCKS = YES;
				GCC_WARN_64_TO_32_BIT_CONVERSION = YES;
				GCC_WARN_ABOUT_RETURN_TYPE = YES_ERROR;
				GCC_WARN_UNDECLARED_SELECTOR = YES;
				GCC_WARN_UNINITIALIZED_AUTOS = YES_AGGRESSIVE;
				GCC_WARN_UNUSED_FUNCTION = YES;
				GCC_WARN_UNUSED_VARIABLE = YES;
				IPHONEOS_DEPLOYMENT_TARGET = 8.4;
				MTL_ENABLE_DEBUG_INFO = NO;
				SDKROOT = iphoneos;
				TARGETED_DEVICE_FAMILY = "1,2";
				VALIDATE_PRODUCT = YES;
			};
			name = Release;
		};
		11EB45711B41C6F200F2FC50 /* Debug */ = {
			isa = XCBuildConfiguration;
			baseConfigurationReference = 2D4AE883299C3961E83EDA07 /* Pods.debug.xcconfig */;
			buildSettings = {
				ASSETCATALOG_COMPILER_APPICON_NAME = AppIcon;
				INFOPLIST_FILE = "SlackTeamExplorer/Supporting Files/Info.plist";
				IPHONEOS_DEPLOYMENT_TARGET = 8.0;
				LD_RUNPATH_SEARCH_PATHS = "$(inherited) @executable_path/Frameworks";
				PRODUCT_NAME = "$(TARGET_NAME)";
			};
			name = Debug;
		};
		11EB45721B41C6F200F2FC50 /* Release */ = {
			isa = XCBuildConfiguration;
			baseConfigurationReference = 187E178BC270166C65E1094E /* Pods.release.xcconfig */;
			buildSettings = {
				ASSETCATALOG_COMPILER_APPICON_NAME = AppIcon;
				INFOPLIST_FILE = "SlackTeamExplorer/Supporting Files/Info.plist";
				IPHONEOS_DEPLOYMENT_TARGET = 8.0;
				LD_RUNPATH_SEARCH_PATHS = "$(inherited) @executable_path/Frameworks";
				PRODUCT_NAME = "$(TARGET_NAME)";
			};
			name = Release;
		};
		11EB45741B41C6F200F2FC50 /* Debug */ = {
			isa = XCBuildConfiguration;
			baseConfigurationReference = F3835CF0839A2C464E11CBE1 /* Pods-SlackTeamExplorerTests.debug.xcconfig */;
			buildSettings = {
				BUNDLE_LOADER = "$(TEST_HOST)";
				FRAMEWORK_SEARCH_PATHS = (
					"$(SDKROOT)/Developer/Library/Frameworks",
					"$(inherited)",
					"\"$PODS_FRAMEWORK_BUILD_PATH\"",
				);
				GCC_PREPROCESSOR_DEFINITIONS = (
					"DEBUG=1",
					"$(inherited)",
				);
				INFOPLIST_FILE = "SlackTeamExplorerTests/Supporting Files/Info.plist";
				LD_RUNPATH_SEARCH_PATHS = "$(inherited) @executable_path/Frameworks @loader_path/Frameworks";
				PRODUCT_NAME = "$(TARGET_NAME)";
				TEST_HOST = "$(BUILT_PRODUCTS_DIR)/SlackTeamExplorer.app/SlackTeamExplorer";
			};
			name = Debug;
		};
		11EB45751B41C6F200F2FC50 /* Release */ = {
			isa = XCBuildConfiguration;
			baseConfigurationReference = 5D91DEEBE05D6C9D24926508 /* Pods-SlackTeamExplorerTests.release.xcconfig */;
			buildSettings = {
				BUNDLE_LOADER = "$(TEST_HOST)";
				FRAMEWORK_SEARCH_PATHS = (
					"$(SDKROOT)/Developer/Library/Frameworks",
					"$(inherited)",
					"\"$PODS_FRAMEWORK_BUILD_PATH\"",
				);
				INFOPLIST_FILE = "SlackTeamExplorerTests/Supporting Files/Info.plist";
				LD_RUNPATH_SEARCH_PATHS = "$(inherited) @executable_path/Frameworks @loader_path/Frameworks";
				PRODUCT_NAME = "$(TARGET_NAME)";
				TEST_HOST = "$(BUILT_PRODUCTS_DIR)/SlackTeamExplorer.app/SlackTeamExplorer";
			};
			name = Release;
		};
/* End XCBuildConfiguration section */

/* Begin XCConfigurationList section */
		11EB45491B41C6F200F2FC50 /* Build configuration list for PBXProject "SlackTeamExplorer" */ = {
			isa = XCConfigurationList;
			buildConfigurations = (
				11EB456E1B41C6F200F2FC50 /* Debug */,
				11EB456F1B41C6F200F2FC50 /* Release */,
			);
			defaultConfigurationIsVisible = 0;
			defaultConfigurationName = Release;
		};
		11EB45701B41C6F200F2FC50 /* Build configuration list for PBXNativeTarget "SlackTeamExplorer" */ = {
			isa = XCConfigurationList;
			buildConfigurations = (
				11EB45711B41C6F200F2FC50 /* Debug */,
				11EB45721B41C6F200F2FC50 /* Release */,
			);
			defaultConfigurationIsVisible = 0;
			defaultConfigurationName = Release;
		};
		11EB45731B41C6F200F2FC50 /* Build configuration list for PBXNativeTarget "SlackTeamExplorerTests" */ = {
			isa = XCConfigurationList;
			buildConfigurations = (
				11EB45741B41C6F200F2FC50 /* Debug */,
				11EB45751B41C6F200F2FC50 /* Release */,
			);
			defaultConfigurationIsVisible = 0;
			defaultConfigurationName = Release;
		};
/* End XCConfigurationList section */

/* Begin XCVersionGroup section */
		11EB45551B41C6F200F2FC50 /* SlackTeamExplorer.xcdatamodeld */ = {
			isa = XCVersionGroup;
			children = (
				11EB45561B41C6F200F2FC50 /* SlackTeamExplorer.xcdatamodel */,
			);
			currentVersion = 11EB45561B41C6F200F2FC50 /* SlackTeamExplorer.xcdatamodel */;
			path = SlackTeamExplorer.xcdatamodeld;
			sourceTree = "<group>";
			versionGroupType = wrapper.xcdatamodel;
		};
/* End XCVersionGroup section */
	};
	rootObject = 11EB45461B41C6F200F2FC50 /* Project object */;
}
